// !$*UTF8*$!
{
	archiveVersion = 1;
	classes = {
	};
	objectVersion = 46;
	objects = {

/* Begin PBXBuildFile section */
		039FB8591A14113C00F63DCB /* MainViewController.m in Sources */ = {isa = PBXBuildFile; fileRef = 039FB8581A14113C00F63DCB /* MainViewController.m */; };
		03ADE08D1A13CA6600164BCB /* AppDelegate.m in Sources */ = {isa = PBXBuildFile; fileRef = 03ADE08C1A13CA6600164BCB /* AppDelegate.m */; };
		03ADE08F1A13CA6600164BCB /* main.m in Sources */ = {isa = PBXBuildFile; fileRef = 03ADE08E1A13CA6600164BCB /* main.m */; };
		03ADE0951A13CA6600164BCB /* StartingArea.xcdatamodeld in Sources */ = {isa = PBXBuildFile; fileRef = 03ADE0931A13CA6600164BCB /* StartingArea.xcdatamodeld */; };
		03ADE0971A13CA6600164BCB /* Images.xcassets in Resources */ = {isa = PBXBuildFile; fileRef = 03ADE0961A13CA6600164BCB /* Images.xcassets */; };
		03ADE09A1A13CA6600164BCB /* Main.storyboard in Resources */ = {isa = PBXBuildFile; fileRef = 03ADE0981A13CA6600164BCB /* Main.storyboard */; };
		03ADE0A61A13CA6600164BCB /* StartingAreaTests.m in Sources */ = {isa = PBXBuildFile; fileRef = 03ADE0A51A13CA6600164BCB /* StartingAreaTests.m */; };
/* End PBXBuildFile section */

/* Begin PBXContainerItemProxy section */
		03ADE0A01A13CA6600164BCB /* PBXContainerItemProxy */ = {
			isa = PBXContainerItemProxy;
			containerPortal = 03ADE07E1A13CA6600164BCB /* Project object */;
			proxyType = 1;
			remoteGlobalIDString = 03ADE0851A13CA6600164BCB;
			remoteInfo = StartingArea;
		};
/* End PBXContainerItemProxy section */

/* Begin PBXFileReference section */
		039FB8571A14113C00F63DCB /* MainViewController.h */ = {isa = PBXFileReference; fileEncoding = 4; lastKnownFileType = sourcecode.c.h; path = MainViewController.h; sourceTree = "<group>"; };
		039FB8581A14113C00F63DCB /* MainViewController.m */ = {isa = PBXFileReference; fileEncoding = 4; lastKnownFileType = sourcecode.c.objc; path = MainViewController.m; sourceTree = "<group>"; };
		03ADE0861A13CA6600164BCB /* StartingArea.app */ = {isa = PBXFileReference; explicitFileType = wrapper.application; includeInIndex = 0; path = StartingArea.app; sourceTree = BUILT_PRODUCTS_DIR; };
		03ADE08A1A13CA6600164BCB /* Info.plist */ = {isa = PBXFileReference; lastKnownFileType = text.plist.xml; path = Info.plist; sourceTree = "<group>"; };
		03ADE08B1A13CA6600164BCB /* AppDelegate.h */ = {isa = PBXFileReference; lastKnownFileType = sourcecode.c.h; path = AppDelegate.h; sourceTree = "<group>"; };
		03ADE08C1A13CA6600164BCB /* AppDelegate.m */ = {isa = PBXFileReference; lastKnownFileType = sourcecode.c.objc; path = AppDelegate.m; sourceTree = "<group>"; };
		03ADE08E1A13CA6600164BCB /* main.m */ = {isa = PBXFileReference; lastKnownFileType = sourcecode.c.objc; path = main.m; sourceTree = "<group>"; };
		03ADE0941A13CA6600164BCB /* StartingArea.xcdatamodel */ = {isa = PBXFileReference; lastKnownFileType = wrapper.xcdatamodel; path = StartingArea.xcdatamodel; sourceTree = "<group>"; };
		03ADE0961A13CA6600164BCB /* Images.xcassets */ = {isa = PBXFileReference; lastKnownFileType = folder.assetcatalog; path = Images.xcassets; sourceTree = "<group>"; };
		03ADE0991A13CA6600164BCB /* Base */ = {isa = PBXFileReference; lastKnownFileType = file.storyboard; name = Base; path = Base.lproj/Main.storyboard; sourceTree = "<group>"; };
		03ADE09F1A13CA6600164BCB /* StartingAreaTests.xctest */ = {isa = PBXFileReference; explicitFileType = wrapper.cfbundle; includeInIndex = 0; path = StartingAreaTests.xctest; sourceTree = BUILT_PRODUCTS_DIR; };
		03ADE0A41A13CA6600164BCB /* Info.plist */ = {isa = PBXFileReference; lastKnownFileType = text.plist.xml; path = Info.plist; sourceTree = "<group>"; };
		03ADE0A51A13CA6600164BCB /* StartingAreaTests.m */ = {isa = PBXFileReference; lastKnownFileType = sourcecode.c.objc; path = StartingAreaTests.m; sourceTree = "<group>"; };
/* End PBXFileReference section */

/* Begin PBXFrameworksBuildPhase section */
		03ADE0831A13CA6600164BCB /* Frameworks */ = {
			isa = PBXFrameworksBuildPhase;
			buildActionMask = 2147483647;
			files = (
			);
			runOnlyForDeploymentPostprocessing = 0;
		};
		03ADE09C1A13CA6600164BCB /* Frameworks */ = {
			isa = PBXFrameworksBuildPhase;
			buildActionMask = 2147483647;
			files = (
			);
			runOnlyForDeploymentPostprocessing = 0;
		};
/* End PBXFrameworksBuildPhase section */

/* Begin PBXGroup section */
		03ADE07D1A13CA6600164BCB = {
			isa = PBXGroup;
			children = (
				03ADE0881A13CA6600164BCB /* StartingArea */,
				03ADE0A21A13CA6600164BCB /* StartingAreaTests */,
				03ADE0871A13CA6600164BCB /* Products */,
			);
			sourceTree = "<group>";
		};
		03ADE0871A13CA6600164BCB /* Products */ = {
			isa = PBXGroup;
			children = (
				03ADE0861A13CA6600164BCB /* StartingArea.app */,
				03ADE09F1A13CA6600164BCB /* StartingAreaTests.xctest */,
			);
			name = Products;
			sourceTree = "<group>";
		};
		03ADE0881A13CA6600164BCB /* StartingArea */ = {
			isa = PBXGroup;
			children = (
				039FB8571A14113C00F63DCB /* MainViewController.h */,
				039FB8581A14113C00F63DCB /* MainViewController.m */,
				03ADE08B1A13CA6600164BCB /* AppDelegate.h */,
				03ADE08C1A13CA6600164BCB /* AppDelegate.m */,
				03ADE0961A13CA6600164BCB /* Images.xcassets */,
				03ADE0981A13CA6600164BCB /* Main.storyboard */,
				03ADE0931A13CA6600164BCB /* StartingArea.xcdatamodeld */,
				03ADE0891A13CA6600164BCB /* Supporting Files */,
			);
			path = StartingArea;
			sourceTree = "<group>";
		};
		03ADE0891A13CA6600164BCB /* Supporting Files */ = {
			isa = PBXGroup;
			children = (
				03ADE08A1A13CA6600164BCB /* Info.plist */,
				03ADE08E1A13CA6600164BCB /* main.m */,
			);
			name = "Supporting Files";
			sourceTree = "<group>";
		};
		03ADE0A21A13CA6600164BCB /* StartingAreaTests */ = {
			isa = PBXGroup;
			children = (
				03ADE0A51A13CA6600164BCB /* StartingAreaTests.m */,
				03ADE0A31A13CA6600164BCB /* Supporting Files */,
			);
			path = StartingAreaTests;
			sourceTree = "<group>";
		};
		03ADE0A31A13CA6600164BCB /* Supporting Files */ = {
			isa = PBXGroup;
			children = (
				03ADE0A41A13CA6600164BCB /* Info.plist */,
			);
			name = "Supporting Files";
			sourceTree = "<group>";
		};
/* End PBXGroup section */

/* Begin PBXNativeTarget section */
		03ADE0851A13CA6600164BCB /* StartingArea */ = {
			isa = PBXNativeTarget;
			buildConfigurationList = 03ADE0A91A13CA6600164BCB /* Build configuration list for PBXNativeTarget "StartingArea" */;
			buildPhases = (
				03ADE0821A13CA6600164BCB /* Sources */,
				03ADE0831A13CA6600164BCB /* Frameworks */,
				03ADE0841A13CA6600164BCB /* Resources */,
			);
			buildRules = (
			);
			dependencies = (
			);
			name = StartingArea;
			productName = StartingArea;
			productReference = 03ADE0861A13CA6600164BCB /* StartingArea.app */;
			productType = "com.apple.product-type.application";
		};
		03ADE09E1A13CA6600164BCB /* StartingAreaTests */ = {
			isa = PBXNativeTarget;
			buildConfigurationList = 03ADE0AC1A13CA6600164BCB /* Build configuration list for PBXNativeTarget "StartingAreaTests" */;
			buildPhases = (
				03ADE09B1A13CA6600164BCB /* Sources */,
				03ADE09C1A13CA6600164BCB /* Frameworks */,
				03ADE09D1A13CA6600164BCB /* Resources */,
			);
			buildRules = (
			);
			dependencies = (
				03ADE0A11A13CA6600164BCB /* PBXTargetDependency */,
			);
			name = StartingAreaTests;
			productName = StartingAreaTests;
			productReference = 03ADE09F1A13CA6600164BCB /* StartingAreaTests.xctest */;
			productType = "com.apple.product-type.bundle.unit-test";
		};
/* End PBXNativeTarget section */

/* Begin PBXProject section */
		03ADE07E1A13CA6600164BCB /* Project object */ = {
			isa = PBXProject;
			attributes = {
				LastUpgradeCheck = 0610;
				ORGANIZATIONNAME = "Josh Imbriani";
				TargetAttributes = {
					03ADE0851A13CA6600164BCB = {
						CreatedOnToolsVersion = 6.1;
					};
					03ADE09E1A13CA6600164BCB = {
						CreatedOnToolsVersion = 6.1;
						TestTargetID = 03ADE0851A13CA6600164BCB;
					};
				};
			};
			buildConfigurationList = 03ADE0811A13CA6600164BCB /* Build configuration list for PBXProject "StartingArea" */;
			compatibilityVersion = "Xcode 3.2";
			developmentRegion = English;
			hasScannedForEncodings = 0;
			knownRegions = (
				en,
				Base,
			);
			mainGroup = 03ADE07D1A13CA6600164BCB;
			productRefGroup = 03ADE0871A13CA6600164BCB /* Products */;
			projectDirPath = "";
			projectRoot = "";
			targets = (
				03ADE0851A13CA6600164BCB /* StartingArea */,
				03ADE09E1A13CA6600164BCB /* StartingAreaTests */,
			);
		};
/* End PBXProject section */

/* Begin PBXResourcesBuildPhase section */
		03ADE0841A13CA6600164BCB /* Resources */ = {
			isa = PBXResourcesBuildPhase;
			buildActionMask = 2147483647;
			files = (
				03ADE0971A13CA6600164BCB /* Images.xcassets in Resources */,
				03ADE09A1A13CA6600164BCB /* Main.storyboard in Resources */,
			);
			runOnlyForDeploymentPostprocessing = 0;
		};
		03ADE09D1A13CA6600164BCB /* Resources */ = {
			isa = PBXResourcesBuildPhase;
			buildActionMask = 2147483647;
			files = (
			);
			runOnlyForDeploymentPostprocessing = 0;
		};
/* End PBXResourcesBuildPhase section */

/* Begin PBXSourcesBuildPhase section */
		03ADE0821A13CA6600164BCB /* Sources */ = {
			isa = PBXSourcesBuildPhase;
			buildActionMask = 2147483647;
			files = (
				03ADE08F1A13CA6600164BCB /* main.m in Sources */,
				03ADE0951A13CA6600164BCB /* StartingArea.xcdatamodeld in Sources */,
				03ADE08D1A13CA6600164BCB /* AppDelegate.m in Sources */,
				039FB8591A14113C00F63DCB /* MainViewController.m in Sources */,
			);
			runOnlyForDeploymentPostprocessing = 0;
		};
		03ADE09B1A13CA6600164BCB /* Sources */ = {
			isa = PBXSourcesBuildPhase;
			buildActionMask = 2147483647;
			files = (
				03ADE0A61A13CA6600164BCB /* StartingAreaTests.m in Sources */,
			);
			runOnlyForDeploymentPostprocessing = 0;
		};
/* End PBXSourcesBuildPhase section */

/* Begin PBXTargetDependency section */
		03ADE0A11A13CA6600164BCB /* PBXTargetDependency */ = {
			isa = PBXTargetDependency;
			target = 03ADE0851A13CA6600164BCB /* StartingArea */;
			targetProxy = 03ADE0A01A13CA6600164BCB /* PBXContainerItemProxy */;
		};
/* End PBXTargetDependency section */

/* Begin PBXVariantGroup section */
		03ADE0981A13CA6600164BCB /* Main.storyboard */ = {
			isa = PBXVariantGroup;
			children = (
				03ADE0991A13CA6600164BCB /* Base */,
			);
			name = Main.storyboard;
			sourceTree = "<group>";
		};
/* End PBXVariantGroup section */

/* Begin XCBuildConfiguration section */
		03ADE0A71A13CA6600164BCB /* Debug */ = {
			isa = XCBuildConfiguration;
			buildSettings = {
				ALWAYS_SEARCH_USER_PATHS = NO;
				CLANG_CXX_LANGUAGE_STANDARD = "gnu++0x";
				CLANG_CXX_LIBRARY = "libc++";
				CLANG_ENABLE_MODULES = YES;
				CLANG_ENABLE_OBJC_ARC = YES;
				CLANG_WARN_BOOL_CONVERSION = YES;
				CLANG_WARN_CONSTANT_CONVERSION = YES;
				CLANG_WARN_DIRECT_OBJC_ISA_USAGE = YES_ERROR;
				CLANG_WARN_EMPTY_BODY = YES;
				CLANG_WARN_ENUM_CONVERSION = YES;
				CLANG_WARN_INT_CONVERSION = YES;
				CLANG_WARN_OBJC_ROOT_CLASS = YES_ERROR;
				CLANG_WARN_UNREACHABLE_CODE = YES;
				CLANG_WARN__DUPLICATE_METHOD_MATCH = YES;
				CODE_SIGN_IDENTITY = "-";
				COPY_PHASE_STRIP = NO;
				ENABLE_STRICT_OBJC_MSGSEND = YES;
				GCC_C_LANGUAGE_STANDARD = gnu99;
				GCC_DYNAMIC_NO_PIC = NO;
				GCC_OPTIMIZATION_LEVEL = 0;
				GCC_PREPROCESSOR_DEFINITIONS = (
					"DEBUG=1",
					"$(inherited)",
				);
				GCC_SYMBOLS_PRIVATE_EXTERN = NO;
				GCC_WARN_64_TO_32_BIT_CONVERSION = YES;
				GCC_WARN_ABOUT_RETURN_TYPE = YES_ERROR;
				GCC_WARN_UNDECLARED_SELECTOR = YES;
				GCC_WARN_UNINITIALIZED_AUTOS = YES_AGGRESSIVE;
				GCC_WARN_UNUSED_FUNCTION = YES;
				GCC_WARN_UNUSED_VARIABLE = YES;
				MACOSX_DEPLOYMENT_TARGET = 10.10;
				MTL_ENABLE_DEBUG_INFO = YES;
				ONLY_ACTIVE_ARCH = YES;
				SDKROOT = macosx;
			};
			name = Debug;
		};
		03ADE0A81A13CA6600164BCB /* Release */ = {
			isa = XCBuildConfiguration;
			buildSettings = {
				ALWAYS_SEARCH_USER_PATHS = NO;
				CLANG_CXX_LANGUAGE_STANDARD = "gnu++0x";
				CLANG_CXX_LIBRARY = "libc++";
				CLANG_ENABLE_MODULES = YES;
				CLANG_ENABLE_OBJC_ARC = YES;
				CLANG_WARN_BOOL_CONVERSION = YES;
				CLANG_WARN_CONSTANT_CONVERSION = YES;
				CLANG_WARN_DIRECT_OBJC_ISA_USAGE = YES_ERROR;
				CLANG_WARN_EMPTY_BODY = YES;
				CLANG_WARN_ENUM_CONVERSION = YES;
				CLANG_WARN_INT_CONVERSION = YES;
				CLANG_WARN_OBJC_ROOT_CLASS = YES_ERROR;
				CLANG_WARN_UNREACHABLE_CODE = YES;
				CLANG_WARN__DUPLICATE_METHOD_MATCH = YES;
				CODE_SIGN_IDENTITY = "-";
				COPY_PHASE_STRIP = YES;
				DEBUG_INFORMATION_FORMAT = "dwarf-with-dsym";
				ENABLE_NS_ASSERTIONS = NO;
				ENABLE_STRICT_OBJC_MSGSEND = YES;
				GCC_C_LANGUAGE_STANDARD = gnu99;
				GCC_WARN_64_TO_32_BIT_CONVERSION = YES;
				GCC_WARN_ABOUT_RETURN_TYPE = YES_ERROR;
				GCC_WARN_UNDECLARED_SELECTOR = YES;
				GCC_WARN_UNINITIALIZED_AUTOS = YES_AGGRESSIVE;
				GCC_WARN_UNUSED_FUNCTION = YES;
				GCC_WARN_UNUSED_VARIABLE = YES;
				MACOSX_DEPLOYMENT_TARGET = 10.10;
				MTL_ENABLE_DEBUG_INFO = NO;
				SDKROOT = macosx;
			};
			name = Release;
		};
		03ADE0AA1A13CA6600164BCB /* Debug */ = {
			isa = XCBuildConfiguration;
			buildSettings = {
				ASSETCATALOG_COMPILER_APPICON_NAME = AppIcon;
				COMBINE_HIDPI_IMAGES = YES;
				INFOPLIST_FILE = StartingArea/Info.plist;
				LD_RUNPATH_SEARCH_PATHS = "$(inherited) @executable_path/../Frameworks";
				PRODUCT_NAME = "$(TARGET_NAME)";
			};
			name = Debug;
		};
		03ADE0AB1A13CA6600164BCB /* Release */ = {
			isa = XCBuildConfiguration;
			buildSettings = {
				ASSETCATALOG_COMPILER_APPICON_NAME = AppIcon;
				COMBINE_HIDPI_IMAGES = YES;
				INFOPLIST_FILE = StartingArea/Info.plist;
				LD_RUNPATH_SEARCH_PATHS = "$(inherited) @executable_path/../Frameworks";
				PRODUCT_NAME = "$(TARGET_NAME)";
			};
			name = Release;
		};
		03ADE0AD1A13CA6600164BCB /* Debug */ = {
			isa = XCBuildConfiguration;
			buildSettings = {
				BUNDLE_LOADER = "$(TEST_HOST)";
				COMBINE_HIDPI_IMAGES = YES;
				FRAMEWORK_SEARCH_PATHS = (
					"$(DEVELOPER_FRAMEWORKS_DIR)",
					"$(inherited)",
				);
				GCC_PREPROCESSOR_DEFINITIONS = (
					"DEBUG=1",
					"$(inherited)",
				);
				INFOPLIST_FILE = StartingAreaTests/Info.plist;
				LD_RUNPATH_SEARCH_PATHS = "$(inherited) @executable_path/../Frameworks @loader_path/../Frameworks";
				PRODUCT_NAME = "$(TARGET_NAME)";
				TEST_HOST = "$(BUILT_PRODUCTS_DIR)/StartingArea.app/Contents/MacOS/StartingArea";
			};
			name = Debug;
		};
		03ADE0AE1A13CA6600164BCB /* Release */ = {
			isa = XCBuildConfiguration;
			buildSettings = {
				BUNDLE_LOADER = "$(TEST_HOST)";
				COMBINE_HIDPI_IMAGES = YES;
				FRAMEWORK_SEARCH_PATHS = (
					"$(DEVELOPER_FRAMEWORKS_DIR)",
					"$(inherited)",
				);
				INFOPLIST_FILE = StartingAreaTests/Info.plist;
				LD_RUNPATH_SEARCH_PATHS = "$(inherited) @executable_path/../Frameworks @loader_path/../Frameworks";
				PRODUCT_NAME = "$(TARGET_NAME)";
				TEST_HOST = "$(BUILT_PRODUCTS_DIR)/StartingArea.app/Contents/MacOS/StartingArea";
			};
			name = Release;
		};
/* End XCBuildConfiguration section */

/* Begin XCConfigurationList section */
		03ADE0811A13CA6600164BCB /* Build configuration list for PBXProject "StartingArea" */ = {
			isa = XCConfigurationList;
			buildConfigurations = (
				03ADE0A71A13CA6600164BCB /* Debug */,
				03ADE0A81A13CA6600164BCB /* Release */,
			);
			defaultConfigurationIsVisible = 0;
			defaultConfigurationName = Release;
		};
		03ADE0A91A13CA6600164BCB /* Build configuration list for PBXNativeTarget "StartingArea" */ = {
			isa = XCConfigurationList;
			buildConfigurations = (
				03ADE0AA1A13CA6600164BCB /* Debug */,
				03ADE0AB1A13CA6600164BCB /* Release */,
			);
			defaultConfigurationIsVisible = 0;
			defaultConfigurationName = Release;
		};
		03ADE0AC1A13CA6600164BCB /* Build configuration list for PBXNativeTarget "StartingAreaTests" */ = {
			isa = XCConfigurationList;
			buildConfigurations = (
				03ADE0AD1A13CA6600164BCB /* Debug */,
				03ADE0AE1A13CA6600164BCB /* Release */,
			);
			defaultConfigurationIsVisible = 0;
			defaultConfigurationName = Release;
		};
/* End XCConfigurationList section */

/* Begin XCVersionGroup section */
		03ADE0931A13CA6600164BCB /* StartingArea.xcdatamodeld */ = {
			isa = XCVersionGroup;
			children = (
				03ADE0941A13CA6600164BCB /* StartingArea.xcdatamodel */,
			);
			currentVersion = 03ADE0941A13CA6600164BCB /* StartingArea.xcdatamodel */;
			path = StartingArea.xcdatamodeld;
			sourceTree = "<group>";
			versionGroupType = wrapper.xcdatamodel;
		};
/* End XCVersionGroup section */
	};
	rootObject = 03ADE07E1A13CA6600164BCB /* Project object */;
}
